dependencies:
- name: api-gateway
  repository: file://charts/api-gateway
  version: 0.1.0
- name: product-service
  repository: file://charts/product-service
  version: 0.1.0
- name: order-service
  repository: file://charts/order-service
  version: 0.1.0
- name: inventory-service
  repository: file://charts/inventory-service
  version: 0.1.0
- name: notification-service
  repository: file://charts/notification-service
  version: 0.1.0
- name: payment-service
  repository: file://charts/payment-service
  version: 0.1.0
- name: wallet-service
  repository: file://charts/wallet-service
  version: 0.1.0
- name: shop-service
  repository: file://charts/shop-service
  version: 0.1.0
- name: customer-service
  repository: file://charts/customer-service
  version: 0.1.0
- name: landing-fe
  repository: file://charts/landing-fe
  version: 0.1.0
- name: admin-fe
  repository: file://charts/admin-fe
  version: 0.1.0
- name: shop-fe
  repository: file://charts/shop-fe
  version: 0.1.0
- name: customer-fe-next
  repository: file://charts/customer-fe-next
  version: 0.1.0
- name: customer-wallet-fe
  repository: file://charts/customer-wallet-fe
  version: 0.1.0
- name: shop-wallet-fe
  repository: file://charts/shop-wallet-fe
  version: 0.1.0
digest: sha256:840c59f2f87ccdb6d2752c6305c92668315a0092c46e1d7ccdec913e6844b667
generated: "2026-06-30T22:24:48.2471+07:00"
