dependencies:
- name: api-gateway
  repository: file://charts/api-gateway
  version: 0.1.0
- name: product-service
  repository: file://charts/product-service
  version: 0.1.0
- name: order-service
  repository: file://charts/order-service
  version: 0.1.0
- name: inventory-service
  repository: file://charts/inventory-service
  version: 0.1.0
- name: notification-service
  repository: file://charts/notification-service
  version: 0.1.0
- name: payment-service
  repository: file://charts/payment-service
  version: 0.1.0
- name: shop-service
  repository: file://charts/shop-service
  version: 0.1.0
- name: customer-service
  repository: file://charts/customer-service
  version: 0.1.0
- name: admin-fe
  repository: file://charts/admin-fe
  version: 0.1.0
- name: shop-fe
  repository: file://charts/shop-fe
  version: 0.1.0
- name: customer-fe-next
  repository: file://charts/customer-fe-next
  version: 0.1.0
- name: customer-fe-angular
  repository: file://charts/customer-fe-angular
  version: 0.1.0
digest: sha256:2fb83a193e6d9226d4d48b230e5ae45e4e6318b9a2ba532e5c28f3fd2f2ecba8
generated: "2026-05-18T01:19:13.066018+07:00"
