dependencies:
- name: mongodb
  repository: file://charts/mongodb
  version: 0.1.0
- name: postgres
  repository: file://charts/postgres
  version: 0.1.0
- name: kafka
  repository: file://charts/kafka
  version: 0.1.0
- name: keycloak
  repository: file://charts/keycloak
  version: 0.1.0
- name: mailhog
  repository: file://charts/mailhog
  version: 0.1.0
- name: minio
  repository: file://charts/minio
  version: 0.1.0
- name: redis
  repository: file://charts/redis
  version: 0.1.0
- name: observability
  repository: file://charts/observability
  version: 0.1.0
digest: sha256:2a4786bfddb90489a909837ee082fc55aa5d6824baaeb2f94e89c5cb205b75c7
generated: "2026-06-13T16:00:02.475963+07:00"
