dependencies:
- name: mongodb
  repository: file://charts/mongodb
  version: 0.1.0
- name: postgres
  repository: file://charts/postgres
  version: 0.1.0
- name: kafka
  repository: file://charts/kafka
  version: 0.1.0
- name: keycloak
  repository: file://charts/keycloak
  version: 0.1.0
- name: mailhog
  repository: file://charts/mailhog
  version: 0.1.0
- name: observability
  repository: file://charts/observability
  version: 0.1.0
digest: sha256:6f6c3299a30f2bda88086f5a068b2d2cd14a15e9b28cb0d8285f8680d80e877e
generated: "2026-05-20T14:56:49.560113+07:00"
