dependencies:
- name: metrics-server
  repository: file://charts/metrics-server
  version: 0.1.0
- name: infrastructure
  repository: file://charts/infrastructure
  version: 0.1.0
- name: applications
  repository: file://charts/applications
  version: 0.1.0
- name: k8s-gateway
  repository: file://charts/k8s-gateway
  version: 0.1.0
digest: sha256:9ed94d4f5eca3b893eacbd0434322bdb499c5a24fec1ba68884a5ab31875a5aa
generated: "2026-05-16T17:03:57.967429+07:00"
